
Microsoft Visual Studio Solution File, Format Version 12.00
# Visual Studio Version 16
VisualStudioVersion = 16.0.29025.244
MinimumVisualStudioVersion = 10.0.40219.1
Project("{FAE04EC0-301F-11D3-BF4B-00C04F79EFBC}") = "FS", "FS\FS.csproj", "{8D1FD7C0-F03A-4F32-BCDD-9905FFD8FBCC}"
EndProject
Project("{FAE04EC0-301F-11D3-BF4B-00C04F79EFBC}") = "FSTests", "FSTests\FSTests.csproj", "{1EADF8F7-38C5-4011-AF2D-5473AB045ED6}"
	ProjectSection(ProjectDependencies) = postProject
		{8D1FD7C0-F03A-4F32-BCDD-9905FFD8FBCC} = {8D1FD7C0-F03A-4F32-BCDD-9905FFD8FBCC}
	EndProjectSection
EndProject
Global
	GlobalSection(SolutionConfigurationPlatforms) = preSolution
		Debug|Any CPU = Debug|Any CPU
		Release|Any CPU = Release|Any CPU
	EndGlobalSection
	GlobalSection(ProjectConfigurationPlatforms) = postSolution
		{8D1FD7C0-F03A-4F32-BCDD-9905FFD8FBCC}.Debug|Any CPU.ActiveCfg = Debug|Any CPU
		{8D1FD7C0-F03A-4F32-BCDD-9905FFD8FBCC}.Debug|Any CPU.Build.0 = Debug|Any CPU
		{8D1FD7C0-F03A-4F32-BCDD-9905FFD8FBCC}.Release|Any CPU.ActiveCfg = Release|Any CPU
		{8D1FD7C0-F03A-4F32-BCDD-9905FFD8FBCC}.Release|Any CPU.Build.0 = Release|Any CPU
		{1EADF8F7-38C5-4011-AF2D-5473AB045ED6}.Debug|Any CPU.ActiveCfg = Debug|Any CPU
		{1EADF8F7-38C5-4011-AF2D-5473AB045ED6}.Debug|Any CPU.Build.0 = Debug|Any CPU
		{1EADF8F7-38C5-4011-AF2D-5473AB045ED6}.Release|Any CPU.ActiveCfg = Release|Any CPU
		{1EADF8F7-38C5-4011-AF2D-5473AB045ED6}.Release|Any CPU.Build.0 = Release|Any CPU
	EndGlobalSection
	GlobalSection(SolutionProperties) = preSolution
		HideSolutionNode = FALSE
	EndGlobalSection
	GlobalSection(ExtensibilityGlobals) = postSolution
		SolutionGuid = {8179976C-8F83-44F0-B839-A3A48A94D37F}
	EndGlobalSection
EndGlobal
