
Microsoft Visual Studio Solution File, Format Version 12.00
# Visual Studio Version 16
VisualStudioVersion = 16.0.29025.244
MinimumVisualStudioVersion = 10.0.40219.1
Project("{FAE04EC0-301F-11D3-BF4B-00C04F79EFBC}") = "FSCoreLibrary", "FSCoreLibrary\FSCoreLibrary.csproj", "{4AA79785-97DE-4DBA-88F3-AE864FB688E7}"
EndProject
Project("{FAE04EC0-301F-11D3-BF4B-00C04F79EFBC}") = "FSCoreLibraryTest", "FSCoreLibraryTest\FSCoreLibraryTest.csproj", "{276CF6C7-5A9C-45FA-B052-18A5CC5B69E9}"
	ProjectSection(ProjectDependencies) = postProject
		{4AA79785-97DE-4DBA-88F3-AE864FB688E7} = {4AA79785-97DE-4DBA-88F3-AE864FB688E7}
	EndProjectSection
EndProject
Project("{FAE04EC0-301F-11D3-BF4B-00C04F79EFBC}") = "FSWFGui", "FSWFGui\FSWFGui.csproj", "{DC4CCA23-E185-49DF-96F8-CE995BAE3BA1}"
EndProject
Project("{FAE04EC0-301F-11D3-BF4B-00C04F79EFBC}") = "FSGuiTests", "FSGuiTests\FSGuiTests.csproj", "{A3EFF091-099C-48EA-9132-661322B0848B}"
EndProject
Project("{FAE04EC0-301F-11D3-BF4B-00C04F79EFBC}") = "FSCoreLibraryTests", "FSCoreLibraryTests\FSCoreLibraryTests.csproj", "{04BF00E0-9FDD-4F9E-85BA-74A81E0A8BE1}"
	ProjectSection(ProjectDependencies) = postProject
		{4AA79785-97DE-4DBA-88F3-AE864FB688E7} = {4AA79785-97DE-4DBA-88F3-AE864FB688E7}
	EndProjectSection
EndProject
Global
	GlobalSection(SolutionConfigurationPlatforms) = preSolution
		Debug|Any CPU = Debug|Any CPU
		Release|Any CPU = Release|Any CPU
	EndGlobalSection
	GlobalSection(ProjectConfigurationPlatforms) = postSolution
		{4AA79785-97DE-4DBA-88F3-AE864FB688E7}.Debug|Any CPU.ActiveCfg = Debug|Any CPU
		{4AA79785-97DE-4DBA-88F3-AE864FB688E7}.Debug|Any CPU.Build.0 = Debug|Any CPU
		{4AA79785-97DE-4DBA-88F3-AE864FB688E7}.Release|Any CPU.ActiveCfg = Release|Any CPU
		{4AA79785-97DE-4DBA-88F3-AE864FB688E7}.Release|Any CPU.Build.0 = Release|Any CPU
		{276CF6C7-5A9C-45FA-B052-18A5CC5B69E9}.Debug|Any CPU.ActiveCfg = Debug|Any CPU
		{276CF6C7-5A9C-45FA-B052-18A5CC5B69E9}.Debug|Any CPU.Build.0 = Debug|Any CPU
		{276CF6C7-5A9C-45FA-B052-18A5CC5B69E9}.Release|Any CPU.ActiveCfg = Release|Any CPU
		{276CF6C7-5A9C-45FA-B052-18A5CC5B69E9}.Release|Any CPU.Build.0 = Release|Any CPU
		{DC4CCA23-E185-49DF-96F8-CE995BAE3BA1}.Debug|Any CPU.ActiveCfg = Debug|Any CPU
		{DC4CCA23-E185-49DF-96F8-CE995BAE3BA1}.Debug|Any CPU.Build.0 = Debug|Any CPU
		{DC4CCA23-E185-49DF-96F8-CE995BAE3BA1}.Release|Any CPU.ActiveCfg = Release|Any CPU
		{DC4CCA23-E185-49DF-96F8-CE995BAE3BA1}.Release|Any CPU.Build.0 = Release|Any CPU
		{A3EFF091-099C-48EA-9132-661322B0848B}.Debug|Any CPU.ActiveCfg = Debug|Any CPU
		{A3EFF091-099C-48EA-9132-661322B0848B}.Debug|Any CPU.Build.0 = Debug|Any CPU
		{A3EFF091-099C-48EA-9132-661322B0848B}.Release|Any CPU.ActiveCfg = Release|Any CPU
		{A3EFF091-099C-48EA-9132-661322B0848B}.Release|Any CPU.Build.0 = Release|Any CPU
		{04BF00E0-9FDD-4F9E-85BA-74A81E0A8BE1}.Debug|Any CPU.ActiveCfg = Debug|Any CPU
		{04BF00E0-9FDD-4F9E-85BA-74A81E0A8BE1}.Debug|Any CPU.Build.0 = Debug|Any CPU
		{04BF00E0-9FDD-4F9E-85BA-74A81E0A8BE1}.Release|Any CPU.ActiveCfg = Release|Any CPU
		{04BF00E0-9FDD-4F9E-85BA-74A81E0A8BE1}.Release|Any CPU.Build.0 = Release|Any CPU
	EndGlobalSection
	GlobalSection(SolutionProperties) = preSolution
		HideSolutionNode = FALSE
	EndGlobalSection
	GlobalSection(ExtensibilityGlobals) = postSolution
		SolutionGuid = {8179976C-8F83-44F0-B839-A3A48A94D37F}
	EndGlobalSection
EndGlobal
